{
    "name": "aws-lambda-golang",
    "version": "0.0.0",
    "lockfileVersion": 1,
    "requires": true,
    "dependencies": {
        "@aws-cdk/assert": {
            "version": "1.43.0",
            "resolved": "https://registry.npmjs.org/@aws-cdk/assert/-/assert-1.43.0.tgz",
            "integrity": "sha512-QwUH3oDOroMKBNzfWc0d2ohdr1UD16mReFgcqEk49VGXM6qWGCuS0i9K2bl3RBP1sxFuk98rpU7Fbx/DzKK2Tw==",
            "dev": true,
            "requires": {
                "@aws-cdk/cloud-assembly-schema": "1.43.0",
                "@aws-cdk/cloudformation-diff": "1.43.0",
                "@aws-cdk/core": "1.43.0",
                "@aws-cdk/cx-api": "1.43.0",
                "constructs": "^3.0.2"
            },
            "dependencies": {
                "constructs": {
                    "version": "3.0.3",
                    "resolved": "https://registry.npmjs.org/constructs/-/constructs-3.0.3.tgz",
                    "integrity": "sha512-JrYLpTlz92Un1jxkwoGiOiGoDjzIWtxo64sLC5FD4mQN1H9mAqZNvgxWYWaJIiWUXNkl5L5sO3GFf6peTj7UMQ==",
                    "dev": true
                }
            }
        },
        "@aws-cdk/assets": {
            "version": "1.43.0",
            "resolved": "https://registry.npmjs.org/@aws-cdk/assets/-/assets-1.43.0.tgz",
            "integrity": "sha512-bfmNJ6hbGmIDtjTGCH5Y9V/BY9pHBz4EV/53X09GoPPYKowTBMAAg6FziXbPQLV4TsAwv2G57HqCXlCFC7pR3A==",
            "requires": {
                "@aws-cdk/core": "1.43.0",
                "@aws-cdk/cx-api": "1.43.0",
                "constructs": "^3.0.2"
            },
            "dependencies": {
                "constructs": {
                    "version": "3.0.3",
                    "resolved": "https://registry.npmjs.org/constructs/-/constructs-3.0.3.tgz",
                    "integrity": "sha512-JrYLpTlz92Un1jxkwoGiOiGoDjzIWtxo64sLC5FD4mQN1H9mAqZNvgxWYWaJIiWUXNkl5L5sO3GFf6peTj7UMQ=="
                }
            }
        },
        "@aws-cdk/aws-cloudwatch": {
            "version": "1.43.0",
            "resolved": "https://registry.npmjs.org/@aws-cdk/aws-cloudwatch/-/aws-cloudwatch-1.43.0.tgz",
            "integrity": "sha512-3LiXJODevdAompJmlJa7lMYH1dipfaaux62sM8X/NO4kPvSr6r77cyx3qLQ8yEX2b28JObnrphg2lLKv7RH+Sw==",
            "requires": {
                "@aws-cdk/aws-iam": "1.43.0",
                "@aws-cdk/core": "1.43.0",
                "constructs": "^3.0.2"
            },
            "dependencies": {
                "constructs": {
                    "version": "3.0.3",
                    "resolved": "https://registry.npmjs.org/constructs/-/constructs-3.0.3.tgz",
                    "integrity": "sha512-JrYLpTlz92Un1jxkwoGiOiGoDjzIWtxo64sLC5FD4mQN1H9mAqZNvgxWYWaJIiWUXNkl5L5sO3GFf6peTj7UMQ=="
                }
            }
        },
        "@aws-cdk/aws-ec2": {
            "version": "1.43.0",
            "resolved": "https://registry.npmjs.org/@aws-cdk/aws-ec2/-/aws-ec2-1.43.0.tgz",
            "integrity": "sha512-lymf3GDtVsVuTmS2KQ4d5ovQ0mTDdb+K+kJu8DezQNvl35EMmriTzWRNAyf9b84aVRrRox2g1TMXiH6IkkZBDw==",
            "requires": {
                "@aws-cdk/aws-cloudwatch": "1.43.0",
                "@aws-cdk/aws-iam": "1.43.0",
                "@aws-cdk/aws-logs": "1.43.0",
                "@aws-cdk/aws-s3": "1.43.0",
                "@aws-cdk/aws-ssm": "1.43.0",
                "@aws-cdk/cloud-assembly-schema": "1.43.0",
                "@aws-cdk/core": "1.43.0",
                "@aws-cdk/cx-api": "1.43.0",
                "@aws-cdk/region-info": "1.43.0",
                "constructs": "^3.0.2"
            },
            "dependencies": {
                "constructs": {
                    "version": "3.0.3",
                    "resolved": "https://registry.npmjs.org/constructs/-/constructs-3.0.3.tgz",
                    "integrity": "sha512-JrYLpTlz92Un1jxkwoGiOiGoDjzIWtxo64sLC5FD4mQN1H9mAqZNvgxWYWaJIiWUXNkl5L5sO3GFf6peTj7UMQ=="
                }
            }
        },
        "@aws-cdk/aws-events": {
            "version": "1.43.0",
            "resolved": "https://registry.npmjs.org/@aws-cdk/aws-events/-/aws-events-1.43.0.tgz",
            "integrity": "sha512-3BHyZLgvpGRns4FMsstG2jQyFXl4GqpBxUsONfO0JOmB3n8nJEmGvnlmmurGNdITS4YilU6e203GC2WuI8kKDQ==",
            "requires": {
                "@aws-cdk/aws-iam": "1.43.0",
                "@aws-cdk/core": "1.43.0",
                "constructs": "^3.0.2"
            },
            "dependencies": {
                "constructs": {
                    "version": "3.0.3",
                    "resolved": "https://registry.npmjs.org/constructs/-/constructs-3.0.3.tgz",
                    "integrity": "sha512-JrYLpTlz92Un1jxkwoGiOiGoDjzIWtxo64sLC5FD4mQN1H9mAqZNvgxWYWaJIiWUXNkl5L5sO3GFf6peTj7UMQ=="
                }
            }
        },
        "@aws-cdk/aws-iam": {
            "version": "1.43.0",
            "resolved": "https://registry.npmjs.org/@aws-cdk/aws-iam/-/aws-iam-1.43.0.tgz",
            "integrity": "sha512-/nRVUmgcA+83rCfQhrrnUhLEzeVcIvymUpYhD6lcLDihuHrCW/8ds9JL8diWRgcBJsUAiogwqvKAUVkh3KP1Bg==",
            "requires": {
                "@aws-cdk/core": "1.43.0",
                "@aws-cdk/region-info": "1.43.0",
                "constructs": "^3.0.2"
            },
            "dependencies": {
                "constructs": {
                    "version": "3.0.3",
                    "resolved": "https://registry.npmjs.org/constructs/-/constructs-3.0.3.tgz",
                    "integrity": "sha512-JrYLpTlz92Un1jxkwoGiOiGoDjzIWtxo64sLC5FD4mQN1H9mAqZNvgxWYWaJIiWUXNkl5L5sO3GFf6peTj7UMQ=="
                }
            }
        },
        "@aws-cdk/aws-kms": {
            "version": "1.43.0",
            "resolved": "https://registry.npmjs.org/@aws-cdk/aws-kms/-/aws-kms-1.43.0.tgz",
            "integrity": "sha512-eqYINo1HWTs50ClMgSt8xCb0CYJM5S59zcsG9bgKFCE0emXMp7w2yW9/Pj/R++8HxZ97fMEu/iDyLxOnwxB8Ag==",
            "requires": {
                "@aws-cdk/aws-iam": "1.43.0",
                "@aws-cdk/core": "1.43.0",
                "constructs": "^3.0.2"
            },
            "dependencies": {
                "constructs": {
                    "version": "3.0.3",
                    "resolved": "https://registry.npmjs.org/constructs/-/constructs-3.0.3.tgz",
                    "integrity": "sha512-JrYLpTlz92Un1jxkwoGiOiGoDjzIWtxo64sLC5FD4mQN1H9mAqZNvgxWYWaJIiWUXNkl5L5sO3GFf6peTj7UMQ=="
                }
            }
        },
        "@aws-cdk/aws-lambda": {
            "version": "1.43.0",
            "resolved": "https://registry.npmjs.org/@aws-cdk/aws-lambda/-/aws-lambda-1.43.0.tgz",
            "integrity": "sha512-wIHx9J0pqABSEuhIH/6MKF9ccAO4ucxTK/B2Zgshc60H+2swPhO+qtCMwB0N5QWmXM3hwB5pG3jCBG6ib+OUpg==",
            "requires": {
                "@aws-cdk/aws-cloudwatch": "1.43.0",
                "@aws-cdk/aws-ec2": "1.43.0",
                "@aws-cdk/aws-events": "1.43.0",
                "@aws-cdk/aws-iam": "1.43.0",
                "@aws-cdk/aws-logs": "1.43.0",
                "@aws-cdk/aws-s3": "1.43.0",
                "@aws-cdk/aws-s3-assets": "1.43.0",
                "@aws-cdk/aws-sqs": "1.43.0",
                "@aws-cdk/core": "1.43.0",
                "@aws-cdk/cx-api": "1.43.0",
                "constructs": "^3.0.2"
            },
            "dependencies": {
                "constructs": {
                    "version": "3.0.3",
                    "resolved": "https://registry.npmjs.org/constructs/-/constructs-3.0.3.tgz",
                    "integrity": "sha512-JrYLpTlz92Un1jxkwoGiOiGoDjzIWtxo64sLC5FD4mQN1H9mAqZNvgxWYWaJIiWUXNkl5L5sO3GFf6peTj7UMQ=="
                }
            }
        },
        "@aws-cdk/aws-logs": {
            "version": "1.43.0",
            "resolved": "https://registry.npmjs.org/@aws-cdk/aws-logs/-/aws-logs-1.43.0.tgz",
            "integrity": "sha512-gylDRoxoTNolP0E53scXLpvIZUk0J1WnL6F7AqKkgdw99OQ4ZY72pkCIH/3pF/kZ6tLYPZ3Nh7XqUnGIZKlAcg==",
            "requires": {
                "@aws-cdk/aws-cloudwatch": "1.43.0",
                "@aws-cdk/aws-iam": "1.43.0",
                "@aws-cdk/core": "1.43.0",
                "constructs": "^3.0.2"
            },
            "dependencies": {
                "constructs": {
                    "version": "3.0.3",
                    "resolved": "https://registry.npmjs.org/constructs/-/constructs-3.0.3.tgz",
                    "integrity": "sha512-JrYLpTlz92Un1jxkwoGiOiGoDjzIWtxo64sLC5FD4mQN1H9mAqZNvgxWYWaJIiWUXNkl5L5sO3GFf6peTj7UMQ=="
                }
            }
        },
        "@aws-cdk/aws-s3": {
            "version": "1.43.0",
            "resolved": "https://registry.npmjs.org/@aws-cdk/aws-s3/-/aws-s3-1.43.0.tgz",
            "integrity": "sha512-5fAyohoUbI33rxpNDRJfHnCc5jpHt5UI2KFxX9fc+YvTLyw7k712awdcSdNZQxWGM4vgTvPA8b3/DM7fFV5AqQ==",
            "requires": {
                "@aws-cdk/aws-events": "1.43.0",
                "@aws-cdk/aws-iam": "1.43.0",
                "@aws-cdk/aws-kms": "1.43.0",
                "@aws-cdk/core": "1.43.0",
                "constructs": "^3.0.2"
            },
            "dependencies": {
                "constructs": {
                    "version": "3.0.3",
                    "resolved": "https://registry.npmjs.org/constructs/-/constructs-3.0.3.tgz",
                    "integrity": "sha512-JrYLpTlz92Un1jxkwoGiOiGoDjzIWtxo64sLC5FD4mQN1H9mAqZNvgxWYWaJIiWUXNkl5L5sO3GFf6peTj7UMQ=="
                }
            }
        },
        "@aws-cdk/aws-s3-assets": {
            "version": "1.43.0",
            "resolved": "https://registry.npmjs.org/@aws-cdk/aws-s3-assets/-/aws-s3-assets-1.43.0.tgz",
            "integrity": "sha512-BHzUO5vbUV5ejyHviXYHKfaIZ+UP83MqBnN5evCRPB3swr7JIcAMriMAVbcrA8fAdlhVGrdigSqifTef3lnkTw==",
            "requires": {
                "@aws-cdk/assets": "1.43.0",
                "@aws-cdk/aws-iam": "1.43.0",
                "@aws-cdk/aws-s3": "1.43.0",
                "@aws-cdk/core": "1.43.0",
                "@aws-cdk/cx-api": "1.43.0",
                "constructs": "^3.0.2"
            },
            "dependencies": {
                "constructs": {
                    "version": "3.0.3",
                    "resolved": "https://registry.npmjs.org/constructs/-/constructs-3.0.3.tgz",
                    "integrity": "sha512-JrYLpTlz92Un1jxkwoGiOiGoDjzIWtxo64sLC5FD4mQN1H9mAqZNvgxWYWaJIiWUXNkl5L5sO3GFf6peTj7UMQ=="
                }
            }
        },
        "@aws-cdk/aws-sqs": {
            "version": "1.43.0",
            "resolved": "https://registry.npmjs.org/@aws-cdk/aws-sqs/-/aws-sqs-1.43.0.tgz",
            "integrity": "sha512-tQlFu/TU/PA35y1QbqZplzJHPlgSoerZ4bAxjDioGOjdey66JtMZMCKUGH43uBfAsCWKbq+qm8dF4TQg3U/xRQ==",
            "requires": {
                "@aws-cdk/aws-cloudwatch": "1.43.0",
                "@aws-cdk/aws-iam": "1.43.0",
                "@aws-cdk/aws-kms": "1.43.0",
                "@aws-cdk/core": "1.43.0",
                "constructs": "^3.0.2"
            },
            "dependencies": {
                "constructs": {
                    "version": "3.0.3",
                    "resolved": "https://registry.npmjs.org/constructs/-/constructs-3.0.3.tgz",
                    "integrity": "sha512-JrYLpTlz92Un1jxkwoGiOiGoDjzIWtxo64sLC5FD4mQN1H9mAqZNvgxWYWaJIiWUXNkl5L5sO3GFf6peTj7UMQ=="
                }
            }
        },
        "@aws-cdk/aws-ssm": {
            "version": "1.43.0",
            "resolved": "https://registry.npmjs.org/@aws-cdk/aws-ssm/-/aws-ssm-1.43.0.tgz",
            "integrity": "sha512-gBKrUEsvo1VzwibFzXqVZCvrZOW89zl2b/BNTpR19G8gEhXDZMsBkGW44eGvswzU5ac0q90B54ELGEh0IvPvxQ==",
            "requires": {
                "@aws-cdk/aws-iam": "1.43.0",
                "@aws-cdk/aws-kms": "1.43.0",
                "@aws-cdk/cloud-assembly-schema": "1.43.0",
                "@aws-cdk/core": "1.43.0",
                "constructs": "^3.0.2"
            },
            "dependencies": {
                "constructs": {
                    "version": "3.0.3",
                    "resolved": "https://registry.npmjs.org/constructs/-/constructs-3.0.3.tgz",
                    "integrity": "sha512-JrYLpTlz92Un1jxkwoGiOiGoDjzIWtxo64sLC5FD4mQN1H9mAqZNvgxWYWaJIiWUXNkl5L5sO3GFf6peTj7UMQ=="
                }
            }
        },
        "@aws-cdk/cdk-assets-schema": {
            "version": "1.43.0",
            "resolved": "https://registry.npmjs.org/@aws-cdk/cdk-assets-schema/-/cdk-assets-schema-1.43.0.tgz",
            "integrity": "sha512-zG2XlJPOajQGwTX3ptxyyLKKUu/viFRD5AdjlvhYFLQKX2fSDnjDtWdFf34FRNyPdI8gR3erzttn5Etw/alTsA==",
            "requires": {
                "semver": "^7.2.2"
            },
            "dependencies": {
                "semver": {
                    "version": "7.3.2",
                    "bundled": true
                }
            }
        },
        "@aws-cdk/cfnspec": {
            "version": "1.43.0",
            "resolved": "https://registry.npmjs.org/@aws-cdk/cfnspec/-/cfnspec-1.43.0.tgz",
            "integrity": "sha512-CcVb2icN6GVSXelYA9vYMHCy0bU68t5m1bZghYZFavhJVtq1ZL3gMLVMZ9R0O7Nc1zKk7xUkXnj0Ljt7SgTb0Q==",
            "dev": true,
            "requires": {
                "md5": "^2.2.1"
            }
        },
        "@aws-cdk/cloud-assembly-schema": {
            "version": "1.43.0",
            "resolved": "https://registry.npmjs.org/@aws-cdk/cloud-assembly-schema/-/cloud-assembly-schema-1.43.0.tgz",
            "integrity": "sha512-PRPoErhsenkgukL48pWgWc2lhk7ntwxWgo/s2+tlARa6BclXM8ZwxmACNxWvqvgb9G1fVdsXmAQFHJJs5DHciw==",
            "requires": {
                "jsonschema": "^1.2.5",
                "semver": "^7.2.2"
            },
            "dependencies": {
                "jsonschema": {
                    "version": "1.2.6",
                    "bundled": true
                },
                "semver": {
                    "version": "7.3.2",
                    "bundled": true
                }
            }
        },
        "@aws-cdk/cloudformation-diff": {
            "version": "1.43.0",
            "resolved": "https://registry.npmjs.org/@aws-cdk/cloudformation-diff/-/cloudformation-diff-1.43.0.tgz",
            "integrity": "sha512-FnqeFYP2QCnXUAytxLy8/UQgpiwkfuPucxfUGhIOlhU/4xu25HLStFdN1SFCteSZP+SaTS4fmFQkI2r6lVEF4g==",
            "dev": true,
            "requires": {
                "@aws-cdk/cfnspec": "1.43.0",
                "colors": "^1.4.0",
                "diff": "^4.0.2",
                "fast-deep-equal": "^3.1.1",
                "string-width": "^4.2.0",
                "table": "^5.4.6"
            }
        },
        "@aws-cdk/core": {
            "version": "1.43.0",
            "resolved": "https://registry.npmjs.org/@aws-cdk/core/-/core-1.43.0.tgz",
            "integrity": "sha512-QdnVC/IcSvS8001YvYRBFgJ/CtbC7+Lh0ow2yBLkoo66AhmP0QZzHgxkvI5QxikLtMNpFp2wqnrQtNFS1heNMw==",
            "requires": {
                "@aws-cdk/cdk-assets-schema": "1.43.0",
                "@aws-cdk/cloud-assembly-schema": "1.43.0",
                "@aws-cdk/cx-api": "1.43.0",
                "constructs": "^3.0.2",
                "minimatch": "^3.0.4"
            },
            "dependencies": {
                "balanced-match": {
                    "version": "1.0.0",
                    "bundled": true
                },
                "brace-expansion": {
                    "version": "1.1.11",
                    "bundled": true,
                    "requires": {
                        "balanced-match": "^1.0.0",
                        "concat-map": "0.0.1"
                    }
                },
                "concat-map": {
                    "version": "0.0.1",
                    "bundled": true
                },
                "constructs": {
                    "version": "3.0.3",
                    "resolved": "https://registry.npmjs.org/constructs/-/constructs-3.0.3.tgz",
                    "integrity": "sha512-JrYLpTlz92Un1jxkwoGiOiGoDjzIWtxo64sLC5FD4mQN1H9mAqZNvgxWYWaJIiWUXNkl5L5sO3GFf6peTj7UMQ=="
                },
                "minimatch": {
                    "version": "3.0.4",
                    "bundled": true,
                    "requires": {
                        "brace-expansion": "^1.1.7"
                    }
                }
            }
        },
        "@aws-cdk/cx-api": {
            "version": "1.43.0",
            "resolved": "https://registry.npmjs.org/@aws-cdk/cx-api/-/cx-api-1.43.0.tgz",
            "integrity": "sha512-0NTFa+HScC8rdk5asS2Fcj1fjWzQ1s4XbJPDe5ZUek88hej9gJUpjh5GbCy8rRTUx3qjAJU4vT5vpGeAXUGFYA==",
            "requires": {
                "@aws-cdk/cloud-assembly-schema": "1.43.0",
                "semver": "^7.2.2"
            },
            "dependencies": {
                "semver": {
                    "version": "7.3.2",
                    "bundled": true
                }
            }
        },
        "@aws-cdk/region-info": {
            "version": "1.43.0",
            "resolved": "https://registry.npmjs.org/@aws-cdk/region-info/-/region-info-1.43.0.tgz",
            "integrity": "sha512-x7rwK6kSm17EdMDbjFuIujWgiJMKfgJgHH37y9YqLedpanAtIm1iJsP9ZRC3ieo0zESpQLsHv2RkRRbTEWClZA=="
        },
        "@types/node": {
            "version": "14.0.10",
            "resolved": "https://registry.npmjs.org/@types/node/-/node-14.0.10.tgz",
            "integrity": "sha512-Bz23oN/5bi0rniKT24ExLf4cK0JdvN3dH/3k0whYkdN4eI4vS2ZW/2ENNn2uxHCzWcbdHIa/GRuWQytfzCjRYw==",
            "dev": true
        },
        "ajv": {
            "version": "6.12.0",
            "resolved": "https://registry.npmjs.org/ajv/-/ajv-6.12.0.tgz",
            "integrity": "sha512-D6gFiFA0RRLyUbvijN74DWAjXSFxWKaWP7mldxkVhyhAV3+SWA9HEJPHQ2c9soIeTFJqcSdFDGFgdqs1iUU2Hw==",
            "dev": true,
            "requires": {
                "fast-deep-equal": "^3.1.1",
                "fast-json-stable-stringify": "^2.0.0",
                "json-schema-traverse": "^0.4.1",
                "uri-js": "^4.2.2"
            }
        },
        "ansi-styles": {
            "version": "3.2.1",
            "resolved": "https://registry.npmjs.org/ansi-styles/-/ansi-styles-3.2.1.tgz",
            "integrity": "sha512-VT0ZI6kZRdTh8YyJw3SMbYm/u+NqfsAxEpWO0Pf9sq8/e94WxxOpPKx9FR1FlyCtOVDNOQ+8ntlqFxiRc+r5qA==",
            "dev": true,
            "requires": {
                "color-convert": "^1.9.0"
            }
        },
        "astral-regex": {
            "version": "1.0.0",
            "resolved": "https://registry.npmjs.org/astral-regex/-/astral-regex-1.0.0.tgz",
            "integrity": "sha512-+Ryf6g3BKoRc7jfp7ad8tM4TtMiaWvbF/1/sQcZPkkS7ag3D5nMBCe2UfOTONtAkaG0tO0ij3C5Lwmf1EiyjHg==",
            "dev": true
        },
        "charenc": {
            "version": "0.0.2",
            "resolved": "https://registry.npmjs.org/charenc/-/charenc-0.0.2.tgz",
            "integrity": "sha1-wKHS86cJLgN3S/qD8UwPxXkKhmc=",
            "dev": true
        },
        "color-convert": {
            "version": "1.9.3",
            "resolved": "https://registry.npmjs.org/color-convert/-/color-convert-1.9.3.tgz",
            "integrity": "sha512-QfAUtd+vFdAtFQcC8CCyYt1fYWxSqAiK2cSD6zDB8N3cpsEBAvRxp9zOGg6G/SHHJYAT88/az/IuDGALsNVbGg==",
            "dev": true,
            "requires": {
                "color-name": "1.1.3"
            }
        },
        "color-name": {
            "version": "1.1.3",
            "resolved": "https://registry.npmjs.org/color-name/-/color-name-1.1.3.tgz",
            "integrity": "sha1-p9BVi9icQveV3UIyj3QIMcpTvCU=",
            "dev": true
        },
        "colors": {
            "version": "1.4.0",
            "resolved": "https://registry.npmjs.org/colors/-/colors-1.4.0.tgz",
            "integrity": "sha512-a+UqTh4kgZg/SlGvfbzDHpgRu7AAQOmmqRHJnxhRZICKFUT91brVhNNt58CMWU9PsBbv3PDCZUHbVxuDiH2mtA==",
            "dev": true
        },
        "constructs": {
            "version": "2.0.1",
            "resolved": "https://registry.npmjs.org/constructs/-/constructs-2.0.1.tgz",
            "integrity": "sha512-edR85YFGI9TBT9byAo5vAfI0PRi+jFGzinwN3RAJwKfv6Yc9x9kALYfoEmgotp95qT7/k/iUQWHrH9BMJeqpdg=="
        },
        "crypt": {
            "version": "0.0.2",
            "resolved": "https://registry.npmjs.org/crypt/-/crypt-0.0.2.tgz",
            "integrity": "sha1-iNf/fsDfuG9xPch7u0LQRNPmxBs=",
            "dev": true
        },
        "diff": {
            "version": "4.0.2",
            "resolved": "https://registry.npmjs.org/diff/-/diff-4.0.2.tgz",
            "integrity": "sha512-58lmxKSA4BNyLz+HHMUzlOEpg09FV+ev6ZMe3vJihgdxzgcwZ8VoEEPmALCZG9LmqfVoNMMKpttIYTVG6uDY7A==",
            "dev": true
        },
        "emoji-regex": {
            "version": "7.0.3",
            "resolved": "https://registry.npmjs.org/emoji-regex/-/emoji-regex-7.0.3.tgz",
            "integrity": "sha512-CwBLREIQ7LvYFB0WyRvwhq5N5qPhc6PMjD6bYggFlI5YyDgl+0vxq5VHbMOFqLg7hfWzmu8T5Z1QofhmTIhItA==",
            "dev": true
        },
        "fast-deep-equal": {
            "version": "3.1.1",
            "resolved": "https://registry.npmjs.org/fast-deep-equal/-/fast-deep-equal-3.1.1.tgz",
            "integrity": "sha512-8UEa58QDLauDNfpbrX55Q9jrGHThw2ZMdOky5Gl1CDtVeJDPVrG4Jxx1N8jw2gkWaff5UUuX1KJd+9zGe2B+ZA==",
            "dev": true
        },
        "fast-json-stable-stringify": {
            "version": "2.1.0",
            "resolved": "https://registry.npmjs.org/fast-json-stable-stringify/-/fast-json-stable-stringify-2.1.0.tgz",
            "integrity": "sha512-lhd/wF+Lk98HZoTCtlVraHtfh5XYijIjalXck7saUtuanSDyLMxnHhSXEDJqHxD7msR8D0uCmqlkwjCV8xvwHw==",
            "dev": true
        },
        "fs-extra": {
            "version": "8.1.0",
            "resolved": "https://registry.npmjs.org/fs-extra/-/fs-extra-8.1.0.tgz",
            "integrity": "sha512-yhlQgA6mnOJUKOsRUFsgJdQCvkKhcz8tlZG5HBQfReYZy46OwLcY+Zia0mtdHsOo9y/hP+CxMN0TU9QxoOtG4g==",
            "dev": true,
            "requires": {
                "graceful-fs": "^4.2.0",
                "jsonfile": "^4.0.0",
                "universalify": "^0.1.0"
            }
        },
        "graceful-fs": {
            "version": "4.2.3",
            "resolved": "https://registry.npmjs.org/graceful-fs/-/graceful-fs-4.2.3.tgz",
            "integrity": "sha512-a30VEBm4PEdx1dRB7MFK7BejejvCvBronbLjht+sHuGYj8PHs7M/5Z+rt5lw551vZ7yfTCj4Vuyy3mSJytDWRQ==",
            "dev": true
        },
        "is-buffer": {
            "version": "1.1.6",
            "resolved": "https://registry.npmjs.org/is-buffer/-/is-buffer-1.1.6.tgz",
            "integrity": "sha512-NcdALwpXkTm5Zvvbk7owOUSvVvBKDgKP5/ewfXEznmQFfs4ZRmanOeKBTjRVjka3QFoN6XJ+9F3USqfHqTaU5w==",
            "dev": true
        },
        "is-fullwidth-code-point": {
            "version": "3.0.0",
            "resolved": "https://registry.npmjs.org/is-fullwidth-code-point/-/is-fullwidth-code-point-3.0.0.tgz",
            "integrity": "sha512-zymm5+u+sCsSWyD9qNaejV3DFvhCKclKdizYaJUuHA83RLjb7nSuGnddCHGv0hk+KY7BMAlsWeK4Ueg6EV6XQg==",
            "dev": true
        },
        "json-schema-traverse": {
            "version": "0.4.1",
            "resolved": "https://registry.npmjs.org/json-schema-traverse/-/json-schema-traverse-0.4.1.tgz",
            "integrity": "sha512-xbbCH5dCYU5T8LcEhhuh7HJ88HXuW3qsI3Y0zOZFKfZEHcpWiHU/Jxzk629Brsab/mMiHQti9wMP+845RPe3Vg==",
            "dev": true
        },
        "jsonfile": {
            "version": "4.0.0",
            "resolved": "https://registry.npmjs.org/jsonfile/-/jsonfile-4.0.0.tgz",
            "integrity": "sha1-h3Gq4HmbZAdrdmQPygWPnBDjPss=",
            "dev": true,
            "requires": {
                "graceful-fs": "^4.1.6"
            }
        },
        "lodash": {
            "version": "4.17.15",
            "resolved": "https://registry.npmjs.org/lodash/-/lodash-4.17.15.tgz",
            "integrity": "sha512-8xOcRHvCjnocdS5cpwXQXVzmmh5e5+saE2QGoeQmbKmRS6J3VQppPOIt0MnmE+4xlZoumy0GPG0D0MVIQbNA1A==",
            "dev": true
        },
        "md5": {
            "version": "2.2.1",
            "resolved": "https://registry.npmjs.org/md5/-/md5-2.2.1.tgz",
            "integrity": "sha1-U6s41f48iJG6RlMp6iP6wFQBJvk=",
            "dev": true,
            "requires": {
                "charenc": "~0.0.1",
                "crypt": "~0.0.1",
                "is-buffer": "~1.1.1"
            }
        },
        "punycode": {
            "version": "2.1.1",
            "resolved": "https://registry.npmjs.org/punycode/-/punycode-2.1.1.tgz",
            "integrity": "sha512-XRsRjdf+j5ml+y/6GKHPZbrF/8p2Yga0JPtdqTIY2Xe5ohJPD9saDJJLPvp9+NSBprVvevdXZybnj2cv8OEd0A==",
            "dev": true
        },
        "slice-ansi": {
            "version": "2.1.0",
            "resolved": "https://registry.npmjs.org/slice-ansi/-/slice-ansi-2.1.0.tgz",
            "integrity": "sha512-Qu+VC3EwYLldKa1fCxuuvULvSJOKEgk9pi8dZeCVK7TqBfUNTH4sFkk4joj8afVSfAYgJoSOetjx9QWOJ5mYoQ==",
            "dev": true,
            "requires": {
                "ansi-styles": "^3.2.0",
                "astral-regex": "^1.0.0",
                "is-fullwidth-code-point": "^2.0.0"
            },
            "dependencies": {
                "is-fullwidth-code-point": {
                    "version": "2.0.0",
                    "resolved": "https://registry.npmjs.org/is-fullwidth-code-point/-/is-fullwidth-code-point-2.0.0.tgz",
                    "integrity": "sha1-o7MKXE8ZkYMWeqq5O+764937ZU8=",
                    "dev": true
                }
            }
        },
        "string-width": {
            "version": "4.2.0",
            "resolved": "https://registry.npmjs.org/string-width/-/string-width-4.2.0.tgz",
            "integrity": "sha512-zUz5JD+tgqtuDjMhwIg5uFVV3dtqZ9yQJlZVfq4I01/K5Paj5UHj7VyrQOJvzawSVlKpObApbfD0Ed6yJc+1eg==",
            "dev": true,
            "requires": {
                "emoji-regex": "^8.0.0",
                "is-fullwidth-code-point": "^3.0.0",
                "strip-ansi": "^6.0.0"
            },
            "dependencies": {
                "emoji-regex": {
                    "version": "8.0.0",
                    "resolved": "https://registry.npmjs.org/emoji-regex/-/emoji-regex-8.0.0.tgz",
                    "integrity": "sha512-MSjYzcWNOA0ewAHpz0MxpYFvwg6yjy1NG3xteoqz644VCo/RPgnr1/GGt+ic3iJTzQ8Eu3TdM14SawnVUmGE6A==",
                    "dev": true
                }
            }
        },
        "strip-ansi": {
            "version": "6.0.0",
            "resolved": "https://registry.npmjs.org/strip-ansi/-/strip-ansi-6.0.0.tgz",
            "integrity": "sha512-AuvKTrTfQNYNIctbR1K/YGTR1756GycPsg7b9bdV9Duqur4gv6aKqHXah67Z8ImS7WEz5QVcOtlfW2rZEugt6w==",
            "dev": true,
            "requires": {
                "ansi-regex": "^5.0.0"
            },
            "dependencies": {
                "ansi-regex": {
                    "version": "5.0.0",
                    "resolved": "https://registry.npmjs.org/ansi-regex/-/ansi-regex-5.0.0.tgz",
                    "integrity": "sha512-bY6fj56OUQ0hU1KjFNDQuJFezqKdrAyFdIevADiqrWHwSlbmBNMHp5ak2f40Pm8JTFyM2mqxkG6ngkHO11f/lg==",
                    "dev": true
                }
            }
        },
        "table": {
            "version": "5.4.6",
            "resolved": "https://registry.npmjs.org/table/-/table-5.4.6.tgz",
            "integrity": "sha512-wmEc8m4fjnob4gt5riFRtTu/6+4rSe12TpAELNSqHMfF3IqnA+CH37USM6/YR3qRZv7e56kAEAtd6nKZaxe0Ug==",
            "dev": true,
            "requires": {
                "ajv": "^6.10.2",
                "lodash": "^4.17.14",
                "slice-ansi": "^2.1.0",
                "string-width": "^3.0.0"
            },
            "dependencies": {
                "ansi-regex": {
                    "version": "4.1.0",
                    "resolved": "https://registry.npmjs.org/ansi-regex/-/ansi-regex-4.1.0.tgz",
                    "integrity": "sha512-1apePfXM1UOSqw0o9IiFAovVz9M5S1Dg+4TrDwfMewQ6p/rmMueb7tWZjQ1rx4Loy1ArBggoqGpfqqdI4rondg==",
                    "dev": true
                },
                "is-fullwidth-code-point": {
                    "version": "2.0.0",
                    "resolved": "https://registry.npmjs.org/is-fullwidth-code-point/-/is-fullwidth-code-point-2.0.0.tgz",
                    "integrity": "sha1-o7MKXE8ZkYMWeqq5O+764937ZU8=",
                    "dev": true
                },
                "string-width": {
                    "version": "3.1.0",
                    "resolved": "https://registry.npmjs.org/string-width/-/string-width-3.1.0.tgz",
                    "integrity": "sha512-vafcv6KjVZKSgz06oM/H6GDBrAtz8vdhQakGjFIvNrHA6y3HCF1CInLy+QLq8dTJPQ1b+KDUqDFctkdRW44e1w==",
                    "dev": true,
                    "requires": {
                        "emoji-regex": "^7.0.1",
                        "is-fullwidth-code-point": "^2.0.0",
                        "strip-ansi": "^5.1.0"
                    }
                },
                "strip-ansi": {
                    "version": "5.2.0",
                    "resolved": "https://registry.npmjs.org/strip-ansi/-/strip-ansi-5.2.0.tgz",
                    "integrity": "sha512-DuRs1gKbBqsMKIZlrffwlug8MHkcnpjs5VPmL1PAh+mA30U0DTotfDZ0d2UUsXpPmPmMMJ6W773MaA3J+lbiWA==",
                    "dev": true,
                    "requires": {
                        "ansi-regex": "^4.1.0"
                    }
                }
            }
        },
        "universalify": {
            "version": "0.1.2",
            "resolved": "https://registry.npmjs.org/universalify/-/universalify-0.1.2.tgz",
            "integrity": "sha512-rBJeI5CXAlmy1pV+617WB9J63U6XcazHHF2f2dbJix4XzpUF0RS3Zbj0FGIOCAva5P/d/GBOYaACQ1w+0azUkg==",
            "dev": true
        },
        "uri-js": {
            "version": "4.2.2",
            "resolved": "https://registry.npmjs.org/uri-js/-/uri-js-4.2.2.tgz",
            "integrity": "sha512-KY9Frmirql91X2Qgjry0Wd4Y+YTdrdZheS8TFwvkbLWf/G5KNJDCh6pKL5OZctEW4+0Baa5idK2ZQuELRwPznQ==",
            "dev": true,
            "requires": {
                "punycode": "^2.1.0"
            }
        }
    }
}
